
Microsoft Visual Studio Solution File, Format Version 12.00
# Visual Studio 2017
Project("{FAE04EC0-301F-11D3-BF4B-00C04F79EFBC}") = "Proje", "Proje.csproj", "{DE128899-026B-4D71-8D1C-EF430F4A4103}"
EndProject
Project("{FAE04EC0-301F-11D3-BF4B-00C04F79EFBC}") = "Proje.Editor", "Proje.Editor.csproj", "{21EFFDC0-923D-997A-CCC2-D37B8DFFBB89}"
EndProject
Global
	GlobalSection(SolutionConfigurationPlatforms) = preSolution
		Debug|Any CPU = Debug|Any CPU
		Release|Any CPU = Release|Any CPU
	EndGlobalSection
	GlobalSection(ProjectConfigurationPlatforms) = postSolution
		{DE128899-026B-4D71-8D1C-EF430F4A4103}.Debug|Any CPU.ActiveCfg = Debug|Any CPU
		{DE128899-026B-4D71-8D1C-EF430F4A4103}.Debug|Any CPU.Build.0 = Debug|Any CPU
		{DE128899-026B-4D71-8D1C-EF430F4A4103}.Release|Any CPU.ActiveCfg = Release|Any CPU
		{DE128899-026B-4D71-8D1C-EF430F4A4103}.Release|Any CPU.Build.0 = Release|Any CPU
		{21EFFDC0-923D-997A-CCC2-D37B8DFFBB89}.Debug|Any CPU.ActiveCfg = Debug|Any CPU
		{21EFFDC0-923D-997A-CCC2-D37B8DFFBB89}.Debug|Any CPU.Build.0 = Debug|Any CPU
		{21EFFDC0-923D-997A-CCC2-D37B8DFFBB89}.Release|Any CPU.ActiveCfg = Release|Any CPU
		{21EFFDC0-923D-997A-CCC2-D37B8DFFBB89}.Release|Any CPU.Build.0 = Release|Any CPU
	EndGlobalSection
	GlobalSection(SolutionProperties) = preSolution
		HideSolutionNode = FALSE
	EndGlobalSection
EndGlobal
